// !$*UTF8*$!
{
	archiveVersion = 1;
	classes = {
	};
	objectVersion = 46;
	objects = {

/* Begin PBXBuildFile section */
		1F40C3CC1DF2BD1E00E0F59F /* FractalController.swift in Sources */ = {isa = PBXBuildFile; fileRef = 1F40C3CA1DF2BD1E00E0F59F /* FractalController.swift */; };
		1F40C3CD1DF2BD1E00E0F59F /* FractalController.xib in Resources */ = {isa = PBXBuildFile; fileRef = 1F40C3CB1DF2BD1E00E0F59F /* FractalController.xib */; };
		1F51E7A71DF7E5D900F1EFA3 /* FractalFriendCoordinator.swift in Sources */ = {isa = PBXBuildFile; fileRef = 1F51E7A61DF7E5D900F1EFA3 /* FractalFriendCoordinator.swift */; };
		1FBEC45F1DEAB82F00A9EA1F /* AppDelegate.swift in Sources */ = {isa = PBXBuildFile; fileRef = 1FBEC45E1DEAB82F00A9EA1F /* AppDelegate.swift */; };
		1FBEC4661DEAB82F00A9EA1F /* Assets.xcassets in Resources */ = {isa = PBXBuildFile; fileRef = 1FBEC4651DEAB82F00A9EA1F /* Assets.xcassets */; };
		1FBEC4691DEAB82F00A9EA1F /* LaunchScreen.storyboard in Resources */ = {isa = PBXBuildFile; fileRef = 1FBEC4671DEAB82F00A9EA1F /* LaunchScreen.storyboard */; };
		1FBEC4711DEAB86800A9EA1F /* FractalView.swift in Sources */ = {isa = PBXBuildFile; fileRef = 1FBEC4701DEAB86800A9EA1F /* FractalView.swift */; };
		1FE7ED642252BF6D00F7FA70 /* UIColor+Extensions.swift in Sources */ = {isa = PBXBuildFile; fileRef = 1FE7ED632252BF6D00F7FA70 /* UIColor+Extensions.swift */; };
/* End PBXBuildFile section */

/* Begin PBXFileReference section */
		1F40C3CA1DF2BD1E00E0F59F /* FractalController.swift */ = {isa = PBXFileReference; fileEncoding = 4; lastKnownFileType = sourcecode.swift; path = FractalController.swift; sourceTree = "<group>"; };
		1F40C3CB1DF2BD1E00E0F59F /* FractalController.xib */ = {isa = PBXFileReference; fileEncoding = 4; lastKnownFileType = file.xib; path = FractalController.xib; sourceTree = "<group>"; };
		1F51E7A61DF7E5D900F1EFA3 /* FractalFriendCoordinator.swift */ = {isa = PBXFileReference; fileEncoding = 4; lastKnownFileType = sourcecode.swift; path = FractalFriendCoordinator.swift; sourceTree = "<group>"; };
		1FBEC45B1DEAB82F00A9EA1F /* FractalFriend.app */ = {isa = PBXFileReference; explicitFileType = wrapper.application; includeInIndex = 0; path = FractalFriend.app; sourceTree = BUILT_PRODUCTS_DIR; };
		1FBEC45E1DEAB82F00A9EA1F /* AppDelegate.swift */ = {isa = PBXFileReference; lastKnownFileType = sourcecode.swift; path = AppDelegate.swift; sourceTree = "<group>"; };
		1FBEC4651DEAB82F00A9EA1F /* Assets.xcassets */ = {isa = PBXFileReference; lastKnownFileType = folder.assetcatalog; path = Assets.xcassets; sourceTree = "<group>"; };
		1FBEC4681DEAB82F00A9EA1F /* Base */ = {isa = PBXFileReference; lastKnownFileType = file.storyboard; name = Base; path = Base.lproj/LaunchScreen.storyboard; sourceTree = "<group>"; };
		1FBEC46A1DEAB82F00A9EA1F /* Info.plist */ = {isa = PBXFileReference; lastKnownFileType = text.plist.xml; path = Info.plist; sourceTree = "<group>"; };
		1FBEC4701DEAB86800A9EA1F /* FractalView.swift */ = {isa = PBXFileReference; fileEncoding = 4; lastKnownFileType = sourcecode.swift; path = FractalView.swift; sourceTree = "<group>"; };
		1FE7ED632252BF6D00F7FA70 /* UIColor+Extensions.swift */ = {isa = PBXFileReference; lastKnownFileType = sourcecode.swift; path = "UIColor+Extensions.swift"; sourceTree = "<group>"; };
/* End PBXFileReference section */

/* Begin PBXFrameworksBuildPhase section */
		1FBEC4581DEAB82F00A9EA1F /* Frameworks */ = {
			isa = PBXFrameworksBuildPhase;
			buildActionMask = 2147483647;
			files = (
			);
			runOnlyForDeploymentPostprocessing = 0;
		};
/* End PBXFrameworksBuildPhase section */

/* Begin PBXGroup section */
		1FBEC4521DEAB82F00A9EA1F = {
			isa = PBXGroup;
			children = (
				1FBEC45D1DEAB82F00A9EA1F /* FractalFriend */,
				1FBEC45C1DEAB82F00A9EA1F /* Products */,
			);
			sourceTree = "<group>";
		};
		1FBEC45C1DEAB82F00A9EA1F /* Products */ = {
			isa = PBXGroup;
			children = (
				1FBEC45B1DEAB82F00A9EA1F /* FractalFriend.app */,
			);
			name = Products;
			sourceTree = "<group>";
		};
		1FBEC45D1DEAB82F00A9EA1F /* FractalFriend */ = {
			isa = PBXGroup;
			children = (
				1FBEC45E1DEAB82F00A9EA1F /* AppDelegate.swift */,
				1FBEC4651DEAB82F00A9EA1F /* Assets.xcassets */,
				1F40C3CA1DF2BD1E00E0F59F /* FractalController.swift */,
				1F40C3CB1DF2BD1E00E0F59F /* FractalController.xib */,
				1F51E7A61DF7E5D900F1EFA3 /* FractalFriendCoordinator.swift */,
				1FBEC4701DEAB86800A9EA1F /* FractalView.swift */,
				1FBEC46A1DEAB82F00A9EA1F /* Info.plist */,
				1FBEC4671DEAB82F00A9EA1F /* LaunchScreen.storyboard */,
				1FE7ED632252BF6D00F7FA70 /* UIColor+Extensions.swift */,
			);
			path = FractalFriend;
			sourceTree = "<group>";
		};
/* End PBXGroup section */

/* Begin PBXNativeTarget section */
		1FBEC45A1DEAB82F00A9EA1F /* FractalFriend */ = {
			isa = PBXNativeTarget;
			buildConfigurationList = 1FBEC46D1DEAB82F00A9EA1F /* Build configuration list for PBXNativeTarget "FractalFriend" */;
			buildPhases = (
				1FBEC4571DEAB82F00A9EA1F /* Sources */,
				1FBEC4581DEAB82F00A9EA1F /* Frameworks */,
				1FBEC4591DEAB82F00A9EA1F /* Resources */,
			);
			buildRules = (
			);
			dependencies = (
			);
			name = FractalFriend;
			productName = FractalFriend;
			productReference = 1FBEC45B1DEAB82F00A9EA1F /* FractalFriend.app */;
			productType = "com.apple.product-type.application";
		};
/* End PBXNativeTarget section */

/* Begin PBXProject section */
		1FBEC4531DEAB82F00A9EA1F /* Project object */ = {
			isa = PBXProject;
			attributes = {
				LastSwiftUpdateCheck = 0810;
				LastUpgradeCheck = 1020;
				ORGANIZATIONNAME = "Freddy Hernandez";
				TargetAttributes = {
					1FBEC45A1DEAB82F00A9EA1F = {
						CreatedOnToolsVersion = 8.1;
						DevelopmentTeam = 9298243JKU;
						LastSwiftMigration = 1020;
						ProvisioningStyle = Automatic;
					};
				};
			};
			buildConfigurationList = 1FBEC4561DEAB82F00A9EA1F /* Build configuration list for PBXProject "FractalFriend" */;
			compatibilityVersion = "Xcode 3.2";
			developmentRegion = English;
			hasScannedForEncodings = 0;
			knownRegions = (
				English,
				en,
				Base,
			);
			mainGroup = 1FBEC4521DEAB82F00A9EA1F;
			productRefGroup = 1FBEC45C1DEAB82F00A9EA1F /* Products */;
			projectDirPath = "";
			projectRoot = "";
			targets = (
				1FBEC45A1DEAB82F00A9EA1F /* FractalFriend */,
			);
		};
/* End PBXProject section */

/* Begin PBXResourcesBuildPhase section */
		1FBEC4591DEAB82F00A9EA1F /* Resources */ = {
			isa = PBXResourcesBuildPhase;
			buildActionMask = 2147483647;
			files = (
				1FBEC4691DEAB82F00A9EA1F /* LaunchScreen.storyboard in Resources */,
				1FBEC4661DEAB82F00A9EA1F /* Assets.xcassets in Resources */,
				1F40C3CD1DF2BD1E00E0F59F /* FractalController.xib in Resources */,
			);
			runOnlyForDeploymentPostprocessing = 0;
		};
/* End PBXResourcesBuildPhase section */

/* Begin PBXSourcesBuildPhase section */
		1FBEC4571DEAB82F00A9EA1F /* Sources */ = {
			isa = PBXSourcesBuildPhase;
			buildActionMask = 2147483647;
			files = (
				1FBEC4711DEAB86800A9EA1F /* FractalView.swift in Sources */,
				1FE7ED642252BF6D00F7FA70 /* UIColor+Extensions.swift in Sources */,
				1FBEC45F1DEAB82F00A9EA1F /* AppDelegate.swift in Sources */,
				1F40C3CC1DF2BD1E00E0F59F /* FractalController.swift in Sources */,
				1F51E7A71DF7E5D900F1EFA3 /* FractalFriendCoordinator.swift in Sources */,
			);
			runOnlyForDeploymentPostprocessing = 0;
		};
/* End PBXSourcesBuildPhase section */

/* Begin PBXVariantGroup section */
		1FBEC4671DEAB82F00A9EA1F /* LaunchScreen.storyboard */ = {
			isa = PBXVariantGroup;
			children = (
				1FBEC4681DEAB82F00A9EA1F /* Base */,
			);
			name = LaunchScreen.storyboard;
			sourceTree = "<group>";
		};
/* End PBXVariantGroup section */

/* Begin XCBuildConfiguration section */
		1FBEC46B1DEAB82F00A9EA1F /* Debug */ = {
			isa = XCBuildConfiguration;
			buildSettings = {
				ALWAYS_SEARCH_USER_PATHS = NO;
				CLANG_ANALYZER_LOCALIZABILITY_NONLOCALIZED = YES;
				CLANG_ANALYZER_NONNULL = YES;
				CLANG_CXX_LANGUAGE_STANDARD = "gnu++0x";
				CLANG_CXX_LIBRARY = "libc++";
				CLANG_ENABLE_MODULES = YES;
				CLANG_ENABLE_OBJC_ARC = YES;
				CLANG_WARN_BLOCK_CAPTURE_AUTORELEASING = YES;
				CLANG_WARN_BOOL_CONVERSION = YES;
				CLANG_WARN_COMMA = YES;
				CLANG_WARN_CONSTANT_CONVERSION = YES;
				CLANG_WARN_DEPRECATED_OBJC_IMPLEMENTATIONS = YES;
				CLANG_WARN_DIRECT_OBJC_ISA_USAGE = YES_ERROR;
				CLANG_WARN_DOCUMENTATION_COMMENTS = YES;
				CLANG_WARN_EMPTY_BODY = YES;
				CLANG_WARN_ENUM_CONVERSION = YES;
				CLANG_WARN_INFINITE_RECURSION = YES;
				CLANG_WARN_INT_CONVERSION = YES;
				CLANG_WARN_NON_LITERAL_NULL_CONVERSION = YES;
				CLANG_WARN_OBJC_IMPLICIT_RETAIN_SELF = YES;
				CLANG_WARN_OBJC_LITERAL_CONVERSION = YES;
				CLANG_WARN_OBJC_ROOT_CLASS = YES_ERROR;
				CLANG_WARN_RANGE_LOOP_ANALYSIS = YES;
				CLANG_WARN_STRICT_PROTOTYPES = YES;
				CLANG_WARN_SUSPICIOUS_MOVE = YES;
				CLANG_WARN_SUSPICIOUS_MOVES = YES;
				CLANG_WARN_UNREACHABLE_CODE = YES;
				CLANG_WARN__DUPLICATE_METHOD_MATCH = YES;
				"CODE_SIGN_IDENTITY[sdk=iphoneos*]" = "iPhone Developer";
				COPY_PHASE_STRIP = NO;
				DEBUG_INFORMATION_FORMAT = dwarf;
				ENABLE_STRICT_OBJC_MSGSEND = YES;
				ENABLE_TESTABILITY = YES;
				GCC_C_LANGUAGE_STANDARD = gnu99;
				GCC_DYNAMIC_NO_PIC = NO;
				GCC_NO_COMMON_BLOCKS = YES;
				GCC_OPTIMIZATION_LEVEL = 0;
				GCC_PREPROCESSOR_DEFINITIONS = (
					"DEBUG=1",
					"$(inherited)",
				);
				GCC_WARN_64_TO_32_BIT_CONVERSION = YES;
				GCC_WARN_ABOUT_RETURN_TYPE = YES_ERROR;
				GCC_WARN_UNDECLARED_SELECTOR = YES;
				GCC_WARN_UNINITIALIZED_AUTOS = YES_AGGRESSIVE;
				GCC_WARN_UNUSED_FUNCTION = YES;
				GCC_WARN_UNUSED_VARIABLE = YES;
				IPHONEOS_DEPLOYMENT_TARGET = 11.0;
				MTL_ENABLE_DEBUG_INFO = YES;
				ONLY_ACTIVE_ARCH = YES;
				SDKROOT = iphoneos;
				SWIFT_ACTIVE_COMPILATION_CONDITIONS = DEBUG;
				SWIFT_OPTIMIZATION_LEVEL = "-Onone";
				SWIFT_VERSION = 4.2;
				TARGETED_DEVICE_FAMILY = "1,2";
			};
			name = Debug;
		};
		1FBEC46C1DEAB82F00A9EA1F /* Release */ = {
			isa = XCBuildConfiguration;
			buildSettings = {
				ALWAYS_SEARCH_USER_PATHS = NO;
				CLANG_ANALYZER_LOCALIZABILITY_NONLOCALIZED = YES;
				CLANG_ANALYZER_NONNULL = YES;
				CLANG_CXX_LANGUAGE_STANDARD = "gnu++0x";
				CLANG_CXX_LIBRARY = "libc++";
				CLANG_ENABLE_MODULES = YES;
				CLANG_ENABLE_OBJC_ARC = YES;
				CLANG_WARN_BLOCK_CAPTURE_AUTORELEASING = YES;
				CLANG_WARN_BOOL_CONVERSION = YES;
				CLANG_WARN_COMMA = YES;
				CLANG_WARN_CONSTANT_CONVERSION = YES;
				CLANG_WARN_DEPRECATED_OBJC_IMPLEMENTATIONS = YES;
				CLANG_WARN_DIRECT_OBJC_ISA_USAGE = YES_ERROR;
				CLANG_WARN_DOCUMENTATION_COMMENTS = YES;
				CLANG_WARN_EMPTY_BODY = YES;
				CLANG_WARN_ENUM_CONVERSION = YES;
				CLANG_WARN_INFINITE_RECURSION = YES;
				CLANG_WARN_INT_CONVERSION = YES;
				CLANG_WARN_NON_LITERAL_NULL_CONVERSION = YES;
				CLANG_WARN_OBJC_IMPLICIT_RETAIN_SELF = YES;
				CLANG_WARN_OBJC_LITERAL_CONVERSION = YES;
				CLANG_WARN_OBJC_ROOT_CLASS = YES_ERROR;
				CLANG_WARN_RANGE_LOOP_ANALYSIS = YES;
				CLANG_WARN_STRICT_PROTOTYPES = YES;
				CLANG_WARN_SUSPICIOUS_MOVE = YES;
				CLANG_WARN_SUSPICIOUS_MOVES = YES;
				CLANG_WARN_UNREACHABLE_CODE = YES;
				CLANG_WARN__DUPLICATE_METHOD_MATCH = YES;
				"CODE_SIGN_IDENTITY[sdk=iphoneos*]" = "iPhone Developer";
				COPY_PHASE_STRIP = NO;
				DEBUG_INFORMATION_FORMAT = "dwarf-with-dsym";
				ENABLE_NS_ASSERTIONS = NO;
				ENABLE_STRICT_OBJC_MSGSEND = YES;
				GCC_C_LANGUAGE_STANDARD = gnu99;
				GCC_NO_COMMON_BLOCKS = YES;
				GCC_WARN_64_TO_32_BIT_CONVERSION = YES;
				GCC_WARN_ABOUT_RETURN_TYPE = YES_ERROR;
				GCC_WARN_UNDECLARED_SELECTOR = YES;
				GCC_WARN_UNINITIALIZED_AUTOS = YES_AGGRESSIVE;
				GCC_WARN_UNUSED_FUNCTION = YES;
				GCC_WARN_UNUSED_VARIABLE = YES;
				IPHONEOS_DEPLOYMENT_TARGET = 11.0;
				MTL_ENABLE_DEBUG_INFO = NO;
				SDKROOT = iphoneos;
				SWIFT_OPTIMIZATION_LEVEL = "-Owholemodule";
				SWIFT_VERSION = 4.2;
				TARGETED_DEVICE_FAMILY = "1,2";
				VALIDATE_PRODUCT = YES;
			};
			name = Release;
		};
		1FBEC46E1DEAB82F00A9EA1F /* Debug */ = {
			isa = XCBuildConfiguration;
			buildSettings = {
				ASSETCATALOG_COMPILER_APPICON_NAME = AppIcon;
				DEVELOPMENT_TEAM = 9298243JKU;
				INFOPLIST_FILE = FractalFriend/Info.plist;
				IPHONEOS_DEPLOYMENT_TARGET = 11.0;
				LD_RUNPATH_SEARCH_PATHS = "$(inherited) @executable_path/Frameworks";
				PRODUCT_BUNDLE_IDENTIFIER = com.fredhedz.FractalFriend;
				PRODUCT_NAME = "$(TARGET_NAME)";
				SWIFT_VERSION = 5.0;
			};
			name = Debug;
		};
		1FBEC46F1DEAB82F00A9EA1F /* Release */ = {
			isa = XCBuildConfiguration;
			buildSettings = {
				ASSETCATALOG_COMPILER_APPICON_NAME = AppIcon;
				DEVELOPMENT_TEAM = 9298243JKU;
				INFOPLIST_FILE = FractalFriend/Info.plist;
				IPHONEOS_DEPLOYMENT_TARGET = 11.0;
				LD_RUNPATH_SEARCH_PATHS = "$(inherited) @executable_path/Frameworks";
				PRODUCT_BUNDLE_IDENTIFIER = com.fredhedz.FractalFriend;
				PRODUCT_NAME = "$(TARGET_NAME)";
				SWIFT_VERSION = 5.0;
			};
			name = Release;
		};
/* End XCBuildConfiguration section */

/* Begin XCConfigurationList section */
		1FBEC4561DEAB82F00A9EA1F /* Build configuration list for PBXProject "FractalFriend" */ = {
			isa = XCConfigurationList;
			buildConfigurations = (
				1FBEC46B1DEAB82F00A9EA1F /* Debug */,
				1FBEC46C1DEAB82F00A9EA1F /* Release */,
			);
			defaultConfigurationIsVisible = 0;
			defaultConfigurationName = Release;
		};
		1FBEC46D1DEAB82F00A9EA1F /* Build configuration list for PBXNativeTarget "FractalFriend" */ = {
			isa = XCConfigurationList;
			buildConfigurations = (
				1FBEC46E1DEAB82F00A9EA1F /* Debug */,
				1FBEC46F1DEAB82F00A9EA1F /* Release */,
			);
			defaultConfigurationIsVisible = 0;
			defaultConfigurationName = Release;
		};
/* End XCConfigurationList section */
	};
	rootObject = 1FBEC4531DEAB82F00A9EA1F /* Project object */;
}
